// !$*UTF8*$!
{
	archiveVersion = 1;
	classes = {
	};
	objectVersion = 56;
	objects = {

/* Begin PBXBuildFile section */
		C266CAB72BC22F9D00908A4D /* AppDelegate.swift in Sources */ = {isa = PBXBuildFile; fileRef = C266CAB62BC22F9D00908A4D /* AppDelegate.swift */; };
		C266CAB92BC22F9D00908A4D /* SceneDelegate.swift in Sources */ = {isa = PBXBuildFile; fileRef = C266CAB82BC22F9D00908A4D /* SceneDelegate.swift */; };
		C266CABB2BC22F9D00908A4D /* ViewController.swift in Sources */ = {isa = PBXBuildFile; fileRef = C266CABA2BC22F9D00908A4D /* ViewController.swift */; };
		C266CABE2BC22F9D00908A4D /* Base in Resources */ = {isa = PBXBuildFile; fileRef = C266CABD2BC22F9D00908A4D /* Base */; };
		C266CAC02BC22F9F00908A4D /* Assets.xcassets in Resources */ = {isa = PBXBuildFile; fileRef = C266CABF2BC22F9F00908A4D /* Assets.xcassets */; };
		C266CAC32BC22F9F00908A4D /* Base in Resources */ = {isa = PBXBuildFile; fileRef = C266CAC22BC22F9F00908A4D /* Base */; };
		C266CACC2BC2306F00908A4D /* SearchViewController.swift in Sources */ = {isa = PBXBuildFile; fileRef = C266CACB2BC2306F00908A4D /* SearchViewController.swift */; };
		C266CACF2BC2308600908A4D /* BaseViewController.swift in Sources */ = {isa = PBXBuildFile; fileRef = C266CACE2BC2308600908A4D /* BaseViewController.swift */; };
		C266CAD12BC231AC00908A4D /* SearchTableViewCell.swift in Sources */ = {isa = PBXBuildFile; fileRef = C266CAD02BC231AC00908A4D /* SearchTableViewCell.swift */; };
		C266CAD32BC231B200908A4D /* BaseTableViewCell.swift in Sources */ = {isa = PBXBuildFile; fileRef = C266CAD22BC231B200908A4D /* BaseTableViewCell.swift */; };
		C266CAD62BC2396300908A4D /* SnapKit in Frameworks */ = {isa = PBXBuildFile; productRef = C266CAD52BC2396300908A4D /* SnapKit */; };
		C266CAD82BC2396300908A4D /* SnapKit-Dynamic in Frameworks */ = {isa = PBXBuildFile; productRef = C266CAD72BC2396300908A4D /* SnapKit-Dynamic */; };
		C266CADB2BC2425700908A4D /* RxCocoa in Frameworks */ = {isa = PBXBuildFile; productRef = C266CADA2BC2425700908A4D /* RxCocoa */; };
		C266CADD2BC2425700908A4D /* RxSwift in Frameworks */ = {isa = PBXBuildFile; productRef = C266CADC2BC2425700908A4D /* RxSwift */; };
/* End PBXBuildFile section */

/* Begin PBXFileReference section */
		C266CAB32BC22F9D00908A4D /* iTunesAPI.app */ = {isa = PBXFileReference; explicitFileType = wrapper.application; includeInIndex = 0; path = iTunesAPI.app; sourceTree = BUILT_PRODUCTS_DIR; };
		C266CAB62BC22F9D00908A4D /* AppDelegate.swift */ = {isa = PBXFileReference; lastKnownFileType = sourcecode.swift; path = AppDelegate.swift; sourceTree = "<group>"; };
		C266CAB82BC22F9D00908A4D /* SceneDelegate.swift */ = {isa = PBXFileReference; lastKnownFileType = sourcecode.swift; path = SceneDelegate.swift; sourceTree = "<group>"; };
		C266CABA2BC22F9D00908A4D /* ViewController.swift */ = {isa = PBXFileReference; lastKnownFileType = sourcecode.swift; path = ViewController.swift; sourceTree = "<group>"; };
		C266CABD2BC22F9D00908A4D /* Base */ = {isa = PBXFileReference; lastKnownFileType = file.storyboard; name = Base; path = Base.lproj/Main.storyboard; sourceTree = "<group>"; };
		C266CABF2BC22F9F00908A4D /* Assets.xcassets */ = {isa = PBXFileReference; lastKnownFileType = folder.assetcatalog; path = Assets.xcassets; sourceTree = "<group>"; };
		C266CAC22BC22F9F00908A4D /* Base */ = {isa = PBXFileReference; lastKnownFileType = file.storyboard; name = Base; path = Base.lproj/LaunchScreen.storyboard; sourceTree = "<group>"; };
		C266CAC42BC22F9F00908A4D /* Info.plist */ = {isa = PBXFileReference; lastKnownFileType = text.plist.xml; path = Info.plist; sourceTree = "<group>"; };
		C266CACB2BC2306F00908A4D /* SearchViewController.swift */ = {isa = PBXFileReference; lastKnownFileType = sourcecode.swift; path = SearchViewController.swift; sourceTree = "<group>"; };
		C266CACE2BC2308600908A4D /* BaseViewController.swift */ = {isa = PBXFileReference; lastKnownFileType = sourcecode.swift; path = BaseViewController.swift; sourceTree = "<group>"; };
		C266CAD02BC231AC00908A4D /* SearchTableViewCell.swift */ = {isa = PBXFileReference; lastKnownFileType = sourcecode.swift; path = SearchTableViewCell.swift; sourceTree = "<group>"; };
		C266CAD22BC231B200908A4D /* BaseTableViewCell.swift */ = {isa = PBXFileReference; lastKnownFileType = sourcecode.swift; path = BaseTableViewCell.swift; sourceTree = "<group>"; };
/* End PBXFileReference section */

/* Begin PBXFrameworksBuildPhase section */
		C266CAB02BC22F9D00908A4D /* Frameworks */ = {
			isa = PBXFrameworksBuildPhase;
			buildActionMask = 2147483647;
			files = (
				C266CADB2BC2425700908A4D /* RxCocoa in Frameworks */,
				C266CAD62BC2396300908A4D /* SnapKit in Frameworks */,
				C266CADD2BC2425700908A4D /* RxSwift in Frameworks */,
				C266CAD82BC2396300908A4D /* SnapKit-Dynamic in Frameworks */,
			);
			runOnlyForDeploymentPostprocessing = 0;
		};
/* End PBXFrameworksBuildPhase section */

/* Begin PBXGroup section */
		C266CAAA2BC22F9D00908A4D = {
			isa = PBXGroup;
			children = (
				C266CAB52BC22F9D00908A4D /* iTunesAPI */,
				C266CAB42BC22F9D00908A4D /* Products */,
			);
			sourceTree = "<group>";
		};
		C266CAB42BC22F9D00908A4D /* Products */ = {
			isa = PBXGroup;
			children = (
				C266CAB32BC22F9D00908A4D /* iTunesAPI.app */,
			);
			name = Products;
			sourceTree = "<group>";
		};
		C266CAB52BC22F9D00908A4D /* iTunesAPI */ = {
			isa = PBXGroup;
			children = (
				C266CACD2BC2307600908A4D /* Base */,
				C266CACA2BC2306200908A4D /* Search */,
				C266CAB62BC22F9D00908A4D /* AppDelegate.swift */,
				C266CAB82BC22F9D00908A4D /* SceneDelegate.swift */,
				C266CABA2BC22F9D00908A4D /* ViewController.swift */,
				C266CABC2BC22F9D00908A4D /* Main.storyboard */,
				C266CABF2BC22F9F00908A4D /* Assets.xcassets */,
				C266CAC12BC22F9F00908A4D /* LaunchScreen.storyboard */,
				C266CAC42BC22F9F00908A4D /* Info.plist */,
			);
			path = iTunesAPI;
			sourceTree = "<group>";
		};
		C266CACA2BC2306200908A4D /* Search */ = {
			isa = PBXGroup;
			children = (
				C266CACB2BC2306F00908A4D /* SearchViewController.swift */,
				C266CAD02BC231AC00908A4D /* SearchTableViewCell.swift */,
			);
			path = Search;
			sourceTree = "<group>";
		};
		C266CACD2BC2307600908A4D /* Base */ = {
			isa = PBXGroup;
			children = (
				C266CACE2BC2308600908A4D /* BaseViewController.swift */,
				C266CAD22BC231B200908A4D /* BaseTableViewCell.swift */,
			);
			path = Base;
			sourceTree = "<group>";
		};
/* End PBXGroup section */

/* Begin PBXNativeTarget section */
		C266CAB22BC22F9D00908A4D /* iTunesAPI */ = {
			isa = PBXNativeTarget;
			buildConfigurationList = C266CAC72BC22F9F00908A4D /* Build configuration list for PBXNativeTarget "iTunesAPI" */;
			buildPhases = (
				C266CAAF2BC22F9D00908A4D /* Sources */,
				C266CAB02BC22F9D00908A4D /* Frameworks */,
				C266CAB12BC22F9D00908A4D /* Resources */,
			);
			buildRules = (
			);
			dependencies = (
			);
			name = iTunesAPI;
			packageProductDependencies = (
				C266CAD52BC2396300908A4D /* SnapKit */,
				C266CAD72BC2396300908A4D /* SnapKit-Dynamic */,
				C266CADA2BC2425700908A4D /* RxCocoa */,
				C266CADC2BC2425700908A4D /* RxSwift */,
			);
			productName = iTunesAPI;
			productReference = C266CAB32BC22F9D00908A4D /* iTunesAPI.app */;
			productType = "com.apple.product-type.application";
		};
/* End PBXNativeTarget section */

/* Begin PBXProject section */
		C266CAAB2BC22F9D00908A4D /* Project object */ = {
			isa = PBXProject;
			attributes = {
				BuildIndependentTargetsInParallel = 1;
				LastSwiftUpdateCheck = 1530;
				LastUpgradeCheck = 1530;
				TargetAttributes = {
					C266CAB22BC22F9D00908A4D = {
						CreatedOnToolsVersion = 15.3;
					};
				};
			};
			buildConfigurationList = C266CAAE2BC22F9D00908A4D /* Build configuration list for PBXProject "iTunesAPI" */;
			compatibilityVersion = "Xcode 14.0";
			developmentRegion = en;
			hasScannedForEncodings = 0;
			knownRegions = (
				en,
				Base,
			);
			mainGroup = C266CAAA2BC22F9D00908A4D;
			packageReferences = (
				C266CAD42BC2396300908A4D /* XCRemoteSwiftPackageReference "SnapKit" */,
				C266CAD92BC2425700908A4D /* XCRemoteSwiftPackageReference "RxSwift" */,
			);
			productRefGroup = C266CAB42BC22F9D00908A4D /* Products */;
			projectDirPath = "";
			projectRoot = "";
			targets = (
				C266CAB22BC22F9D00908A4D /* iTunesAPI */,
			);
		};
/* End PBXProject section */

/* Begin PBXResourcesBuildPhase section */
		C266CAB12BC22F9D00908A4D /* Resources */ = {
			isa = PBXResourcesBuildPhase;
			buildActionMask = 2147483647;
			files = (
				C266CAC02BC22F9F00908A4D /* Assets.xcassets in Resources */,
				C266CAC32BC22F9F00908A4D /* Base in Resources */,
				C266CABE2BC22F9D00908A4D /* Base in Resources */,
			);
			runOnlyForDeploymentPostprocessing = 0;
		};
/* End PBXResourcesBuildPhase section */

/* Begin PBXSourcesBuildPhase section */
		C266CAAF2BC22F9D00908A4D /* Sources */ = {
			isa = PBXSourcesBuildPhase;
			buildActionMask = 2147483647;
			files = (
				C266CACF2BC2308600908A4D /* BaseViewController.swift in Sources */,
				C266CABB2BC22F9D00908A4D /* ViewController.swift in Sources */,
				C266CAB72BC22F9D00908A4D /* AppDelegate.swift in Sources */,
				C266CAD12BC231AC00908A4D /* SearchTableViewCell.swift in Sources */,
				C266CAD32BC231B200908A4D /* BaseTableViewCell.swift in Sources */,
				C266CACC2BC2306F00908A4D /* SearchViewController.swift in Sources */,
				C266CAB92BC22F9D00908A4D /* SceneDelegate.swift in Sources */,
			);
			runOnlyForDeploymentPostprocessing = 0;
		};
/* End PBXSourcesBuildPhase section */

/* Begin PBXVariantGroup section */
		C266CABC2BC22F9D00908A4D /* Main.storyboard */ = {
			isa = PBXVariantGroup;
			children = (
				C266CABD2BC22F9D00908A4D /* Base */,
			);
			name = Main.storyboard;
			sourceTree = "<group>";
		};
		C266CAC12BC22F9F00908A4D /* LaunchScreen.storyboard */ = {
			isa = PBXVariantGroup;
			children = (
				C266CAC22BC22F9F00908A4D /* Base */,
			);
			name = LaunchScreen.storyboard;
			sourceTree = "<group>";
		};
/* End PBXVariantGroup section */

/* Begin XCBuildConfiguration section */
		C266CAC52BC22F9F00908A4D /* Debug */ = {
			isa = XCBuildConfiguration;
			buildSettings = {
				ALWAYS_SEARCH_USER_PATHS = NO;
				ASSETCATALOG_COMPILER_GENERATE_SWIFT_ASSET_SYMBOL_EXTENSIONS = YES;
				CLANG_ANALYZER_NONNULL = YES;
				CLANG_ANALYZER_NUMBER_OBJECT_CONVERSION = YES_AGGRESSIVE;
				CLANG_CXX_LANGUAGE_STANDARD = "gnu++20";
				CLANG_ENABLE_MODULES = YES;
				CLANG_ENABLE_OBJC_ARC = YES;
				CLANG_ENABLE_OBJC_WEAK = YES;
				CLANG_WARN_BLOCK_CAPTURE_AUTORELEASING = YES;
				CLANG_WARN_BOOL_CONVERSION = YES;
				CLANG_WARN_COMMA = YES;
				CLANG_WARN_CONSTANT_CONVERSION = YES;
				CLANG_WARN_DEPRECATED_OBJC_IMPLEMENTATIONS = YES;
				CLANG_WARN_DIRECT_OBJC_ISA_USAGE = YES_ERROR;
				CLANG_WARN_DOCUMENTATION_COMMENTS = YES;
				CLANG_WARN_EMPTY_BODY = YES;
				CLANG_WARN_ENUM_CONVERSION = YES;
				CLANG_WARN_INFINITE_RECURSION = YES;
				CLANG_WARN_INT_CONVERSION = YES;
				CLANG_WARN_NON_LITERAL_NULL_CONVERSION = YES;
				CLANG_WARN_OBJC_IMPLICIT_RETAIN_SELF = YES;
				CLANG_WARN_OBJC_LITERAL_CONVERSION = YES;
				CLANG_WARN_OBJC_ROOT_CLASS = YES_ERROR;
				CLANG_WARN_QUOTED_INCLUDE_IN_FRAMEWORK_HEADER = YES;
				CLANG_WARN_RANGE_LOOP_ANALYSIS = YES;
				CLANG_WARN_STRICT_PROTOTYPES = YES;
				CLANG_WARN_SUSPICIOUS_MOVE = YES;
				CLANG_WARN_UNGUARDED_AVAILABILITY = YES_AGGRESSIVE;
				CLANG_WARN_UNREACHABLE_CODE = YES;
				CLANG_WARN__DUPLICATE_METHOD_MATCH = YES;
				COPY_PHASE_STRIP = NO;
				DEBUG_INFORMATION_FORMAT = dwarf;
				ENABLE_STRICT_OBJC_MSGSEND = YES;
				ENABLE_TESTABILITY = YES;
				ENABLE_USER_SCRIPT_SANDBOXING = YES;
				GCC_C_LANGUAGE_STANDARD = gnu17;
				GCC_DYNAMIC_NO_PIC = NO;
				GCC_NO_COMMON_BLOCKS = YES;
				GCC_OPTIMIZATION_LEVEL = 0;
				GCC_PREPROCESSOR_DEFINITIONS = (
					"DEBUG=1",
					"$(inherited)",
				);
				GCC_WARN_64_TO_32_BIT_CONVERSION = YES;
				GCC_WARN_ABOUT_RETURN_TYPE = YES_ERROR;
				GCC_WARN_UNDECLARED_SELECTOR = YES;
				GCC_WARN_UNINITIALIZED_AUTOS = YES_AGGRESSIVE;
				GCC_WARN_UNUSED_FUNCTION = YES;
				GCC_WARN_UNUSED_VARIABLE = YES;
				IPHONEOS_DEPLOYMENT_TARGET = 17.4;
				LOCALIZATION_PREFERS_STRING_CATALOGS = YES;
				MTL_ENABLE_DEBUG_INFO = INCLUDE_SOURCE;
				MTL_FAST_MATH = YES;
				ONLY_ACTIVE_ARCH = YES;
				SDKROOT = iphoneos;
				SWIFT_ACTIVE_COMPILATION_CONDITIONS = "DEBUG $(inherited)";
				SWIFT_OPTIMIZATION_LEVEL = "-Onone";
			};
			name = Debug;
		};
		C266CAC62BC22F9F00908A4D /* Release */ = {
			isa = XCBuildConfiguration;
			buildSettings = {
				ALWAYS_SEARCH_USER_PATHS = NO;
				ASSETCATALOG_COMPILER_GENERATE_SWIFT_ASSET_SYMBOL_EXTENSIONS = YES;
				CLANG_ANALYZER_NONNULL = YES;
				CLANG_ANALYZER_NUMBER_OBJECT_CONVERSION = YES_AGGRESSIVE;
				CLANG_CXX_LANGUAGE_STANDARD = "gnu++20";
				CLANG_ENABLE_MODULES = YES;
				CLANG_ENABLE_OBJC_ARC = YES;
				CLANG_ENABLE_OBJC_WEAK = YES;
				CLANG_WARN_BLOCK_CAPTURE_AUTORELEASING = YES;
				CLANG_WARN_BOOL_CONVERSION = YES;
				CLANG_WARN_COMMA = YES;
				CLANG_WARN_CONSTANT_CONVERSION = YES;
				CLANG_WARN_DEPRECATED_OBJC_IMPLEMENTATIONS = YES;
				CLANG_WARN_DIRECT_OBJC_ISA_USAGE = YES_ERROR;
				CLANG_WARN_DOCUMENTATION_COMMENTS = YES;
				CLANG_WARN_EMPTY_BODY = YES;
				CLANG_WARN_ENUM_CONVERSION = YES;
				CLANG_WARN_INFINITE_RECURSION = YES;
				CLANG_WARN_INT_CONVERSION = YES;
				CLANG_WARN_NON_LITERAL_NULL_CONVERSION = YES;
				CLANG_WARN_OBJC_IMPLICIT_RETAIN_SELF = YES;
				CLANG_WARN_OBJC_LITERAL_CONVERSION = YES;
				CLANG_WARN_OBJC_ROOT_CLASS = YES_ERROR;
				CLANG_WARN_QUOTED_INCLUDE_IN_FRAMEWORK_HEADER = YES;
				CLANG_WARN_RANGE_LOOP_ANALYSIS = YES;
				CLANG_WARN_STRICT_PROTOTYPES = YES;
				CLANG_WARN_SUSPICIOUS_MOVE = YES;
				CLANG_WARN_UNGUARDED_AVAILABILITY = YES_AGGRESSIVE;
				CLANG_WARN_UNREACHABLE_CODE = YES;
				CLANG_WARN__DUPLICATE_METHOD_MATCH = YES;
				COPY_PHASE_STRIP = NO;
				DEBUG_INFORMATION_FORMAT = "dwarf-with-dsym";
				ENABLE_NS_ASSERTIONS = NO;
				ENABLE_STRICT_OBJC_MSGSEND = YES;
				ENABLE_USER_SCRIPT_SANDBOXING = YES;
				GCC_C_LANGUAGE_STANDARD = gnu17;
				GCC_NO_COMMON_BLOCKS = YES;
				GCC_WARN_64_TO_32_BIT_CONVERSION = YES;
				GCC_WARN_ABOUT_RETURN_TYPE = YES_ERROR;
				GCC_WARN_UNDECLARED_SELECTOR = YES;
				GCC_WARN_UNINITIALIZED_AUTOS = YES_AGGRESSIVE;
				GCC_WARN_UNUSED_FUNCTION = YES;
				GCC_WARN_UNUSED_VARIABLE = YES;
				IPHONEOS_DEPLOYMENT_TARGET = 17.4;
				LOCALIZATION_PREFERS_STRING_CATALOGS = YES;
				MTL_ENABLE_DEBUG_INFO = NO;
				MTL_FAST_MATH = YES;
				SDKROOT = iphoneos;
				SWIFT_COMPILATION_MODE = wholemodule;
				VALIDATE_PRODUCT = YES;
			};
			name = Release;
		};
		C266CAC82BC22F9F00908A4D /* Debug */ = {
			isa = XCBuildConfiguration;
			buildSettings = {
				ASSETCATALOG_COMPILER_APPICON_NAME = AppIcon;
				ASSETCATALOG_COMPILER_GLOBAL_ACCENT_COLOR_NAME = AccentColor;
				CODE_SIGN_STYLE = Automatic;
				CURRENT_PROJECT_VERSION = 1;
				DEVELOPMENT_TEAM = 8HG96SSK4A;
				GENERATE_INFOPLIST_FILE = YES;
				INFOPLIST_FILE = iTunesAPI/Info.plist;
				INFOPLIST_KEY_UIApplicationSupportsIndirectInputEvents = YES;
				INFOPLIST_KEY_UILaunchStoryboardName = LaunchScreen;
				INFOPLIST_KEY_UIMainStoryboardFile = Main;
				INFOPLIST_KEY_UISupportedInterfaceOrientations_iPad = "UIInterfaceOrientationPortrait UIInterfaceOrientationPortraitUpsideDown UIInterfaceOrientationLandscapeLeft UIInterfaceOrientationLandscapeRight";
				INFOPLIST_KEY_UISupportedInterfaceOrientations_iPhone = "UIInterfaceOrientationPortrait UIInterfaceOrientationLandscapeLeft UIInterfaceOrientationLandscapeRight";
				LD_RUNPATH_SEARCH_PATHS = (
					"$(inherited)",
					"@executable_path/Frameworks",
				);
				MARKETING_VERSION = 1.0;
				PRODUCT_BUNDLE_IDENTIFIER = com.cyndi.iTunesAPI;
				PRODUCT_NAME = "$(TARGET_NAME)";
				SWIFT_EMIT_LOC_STRINGS = YES;
				SWIFT_VERSION = 5.0;
				TARGETED_DEVICE_FAMILY = "1,2";
			};
			name = Debug;
		};
		C266CAC92BC22F9F00908A4D /* Release */ = {
			isa = XCBuildConfiguration;
			buildSettings = {
				ASSETCATALOG_COMPILER_APPICON_NAME = AppIcon;
				ASSETCATALOG_COMPILER_GLOBAL_ACCENT_COLOR_NAME = AccentColor;
				CODE_SIGN_STYLE = Automatic;
				CURRENT_PROJECT_VERSION = 1;
				DEVELOPMENT_TEAM = 8HG96SSK4A;
				GENERATE_INFOPLIST_FILE = YES;
				INFOPLIST_FILE = iTunesAPI/Info.plist;
				INFOPLIST_KEY_UIApplicationSupportsIndirectInputEvents = YES;
				INFOPLIST_KEY_UILaunchStoryboardName = LaunchScreen;
				INFOPLIST_KEY_UIMainStoryboardFile = Main;
				INFOPLIST_KEY_UISupportedInterfaceOrientations_iPad = "UIInterfaceOrientationPortrait UIInterfaceOrientationPortraitUpsideDown UIInterfaceOrientationLandscapeLeft UIInterfaceOrientationLandscapeRight";
				INFOPLIST_KEY_UISupportedInterfaceOrientations_iPhone = "UIInterfaceOrientationPortrait UIInterfaceOrientationLandscapeLeft UIInterfaceOrientationLandscapeRight";
				LD_RUNPATH_SEARCH_PATHS = (
					"$(inherited)",
					"@executable_path/Frameworks",
				);
				MARKETING_VERSION = 1.0;
				PRODUCT_BUNDLE_IDENTIFIER = com.cyndi.iTunesAPI;
				PRODUCT_NAME = "$(TARGET_NAME)";
				SWIFT_EMIT_LOC_STRINGS = YES;
				SWIFT_VERSION = 5.0;
				TARGETED_DEVICE_FAMILY = "1,2";
			};
			name = Release;
		};
/* End XCBuildConfiguration section */

/* Begin XCConfigurationList section */
		C266CAAE2BC22F9D00908A4D /* Build configuration list for PBXProject "iTunesAPI" */ = {
			isa = XCConfigurationList;
			buildConfigurations = (
				C266CAC52BC22F9F00908A4D /* Debug */,
				C266CAC62BC22F9F00908A4D /* Release */,
			);
			defaultConfigurationIsVisible = 0;
			defaultConfigurationName = Release;
		};
		C266CAC72BC22F9F00908A4D /* Build configuration list for PBXNativeTarget "iTunesAPI" */ = {
			isa = XCConfigurationList;
			buildConfigurations = (
				C266CAC82BC22F9F00908A4D /* Debug */,
				C266CAC92BC22F9F00908A4D /* Release */,
			);
			defaultConfigurationIsVisible = 0;
			defaultConfigurationName = Release;
		};
/* End XCConfigurationList section */

/* Begin XCRemoteSwiftPackageReference section */
		C266CAD42BC2396300908A4D /* XCRemoteSwiftPackageReference "SnapKit" */ = {
			isa = XCRemoteSwiftPackageReference;
			repositoryURL = "https://github.com/SnapKit/SnapKit.git";
			requirement = {
				kind = upToNextMajorVersion;
				minimumVersion = 5.7.1;
			};
		};
		C266CAD92BC2425700908A4D /* XCRemoteSwiftPackageReference "RxSwift" */ = {
			isa = XCRemoteSwiftPackageReference;
			repositoryURL = "https://github.com/ReactiveX/RxSwift";
			requirement = {
				kind = upToNextMajorVersion;
				minimumVersion = 6.6.0;
			};
		};
/* End XCRemoteSwiftPackageReference section */

/* Begin XCSwiftPackageProductDependency section */
		C266CAD52BC2396300908A4D /* SnapKit */ = {
			isa = XCSwiftPackageProductDependency;
			package = C266CAD42BC2396300908A4D /* XCRemoteSwiftPackageReference "SnapKit" */;
			productName = SnapKit;
		};
		C266CAD72BC2396300908A4D /* SnapKit-Dynamic */ = {
			isa = XCSwiftPackageProductDependency;
			package = C266CAD42BC2396300908A4D /* XCRemoteSwiftPackageReference "SnapKit" */;
			productName = "SnapKit-Dynamic";
		};
		C266CADA2BC2425700908A4D /* RxCocoa */ = {
			isa = XCSwiftPackageProductDependency;
			package = C266CAD92BC2425700908A4D /* XCRemoteSwiftPackageReference "RxSwift" */;
			productName = RxCocoa;
		};
		C266CADC2BC2425700908A4D /* RxSwift */ = {
			isa = XCSwiftPackageProductDependency;
			package = C266CAD92BC2425700908A4D /* XCRemoteSwiftPackageReference "RxSwift" */;
			productName = RxSwift;
		};
/* End XCSwiftPackageProductDependency section */
	};
	rootObject = C266CAAB2BC22F9D00908A4D /* Project object */;
}
